
Microsoft Visual Studio Solution File, Format Version 12.00
# Visual Studio 15
VisualStudioVersion = 15.0.27004.2010
MinimumVisualStudioVersion = 10.0.40219.1
Project("{FAE04EC0-301F-11D3-BF4B-00C04F79EFBC}") = "EmployeeUIWeb", "EmployeeUIWeb\EmployeeUIWeb.csproj", "{75AF47B4-87EC-4A34-B83F-9E5D6BD5B48D}"
EndProject
Global
	GlobalSection(SolutionConfigurationPlatforms) = preSolution
		Debug|Any CPU = Debug|Any CPU
		Release|Any CPU = Release|Any CPU
	EndGlobalSection
	GlobalSection(ProjectConfigurationPlatforms) = postSolution
		{75AF47B4-87EC-4A34-B83F-9E5D6BD5B48D}.Debug|Any CPU.ActiveCfg = Debug|Any CPU
		{75AF47B4-87EC-4A34-B83F-9E5D6BD5B48D}.Debug|Any CPU.Build.0 = Debug|Any CPU
		{75AF47B4-87EC-4A34-B83F-9E5D6BD5B48D}.Release|Any CPU.ActiveCfg = Release|Any CPU
		{75AF47B4-87EC-4A34-B83F-9E5D6BD5B48D}.Release|Any CPU.Build.0 = Release|Any CPU
	EndGlobalSection
	GlobalSection(SolutionProperties) = preSolution
		HideSolutionNode = FALSE
	EndGlobalSection
	GlobalSection(ExtensibilityGlobals) = postSolution
		SolutionGuid = {CC2E3799-E456-4361-A048-BDC3FE027E38}
	EndGlobalSection
EndGlobal
